
Microsoft Visual Studio Solution File, Format Version 12.00
# Visual Studio Version 17
VisualStudioVersion = 17.7.34031.279
MinimumVisualStudioVersion = 10.0.40219.1
Project("{9A19103F-16F7-4668-BE54-9A1E7A4F7556}") = "VHSMP", "VHSMP\VHSMP.csproj", "{22F72E24-FA82-49A4-A025-10543128EE52}"
EndProject
Global
	GlobalSection(SolutionConfigurationPlatforms) = preSolution
		Debug|Any CPU = Debug|Any CPU
		Release|Any CPU = Release|Any CPU
	EndGlobalSection
	GlobalSection(ProjectConfigurationPlatforms) = postSolution
		{22F72E24-FA82-49A4-A025-10543128EE52}.Debug|Any CPU.ActiveCfg = Debug|Any CPU
		{22F72E24-FA82-49A4-A025-10543128EE52}.Debug|Any CPU.Build.0 = Debug|Any CPU
		{22F72E24-FA82-49A4-A025-10543128EE52}.Release|Any CPU.ActiveCfg = Release|Any CPU
		{22F72E24-FA82-49A4-A025-10543128EE52}.Release|Any CPU.Build.0 = Release|Any CPU
	EndGlobalSection
	GlobalSection(SolutionProperties) = preSolution
		HideSolutionNode = FALSE
	EndGlobalSection
	GlobalSection(ExtensibilityGlobals) = postSolution
		SolutionGuid = {F08EA3E6-7DCB-45D7-B6EE-F784AD2125CD}
	EndGlobalSection
EndGlobal
